
Microsoft Visual Studio Solution File, Format Version 12.00
Project("{FAE04EC0-301F-11D3-BF4B-00C04F79EFBC}") = "Verdict.AspNetCore", "Verdict.AspNetCore\Verdict.AspNetCore.csproj", "{117B3B06-E76B-482A-95AF-0C39EBDFBEBD}"
EndProject
Global
	GlobalSection(SolutionConfigurationPlatforms) = preSolution
		Debug|Any CPU = Debug|Any CPU
		Release|Any CPU = Release|Any CPU
	EndGlobalSection
	GlobalSection(ProjectConfigurationPlatforms) = postSolution
		{117B3B06-E76B-482A-95AF-0C39EBDFBEBD}.Debug|Any CPU.ActiveCfg = Debug|Any CPU
		{117B3B06-E76B-482A-95AF-0C39EBDFBEBD}.Debug|Any CPU.Build.0 = Debug|Any CPU
		{117B3B06-E76B-482A-95AF-0C39EBDFBEBD}.Release|Any CPU.ActiveCfg = Release|Any CPU
		{117B3B06-E76B-482A-95AF-0C39EBDFBEBD}.Release|Any CPU.Build.0 = Release|Any CPU
	EndGlobalSection
EndGlobal
