
Microsoft Visual Studio Solution File, Format Version 12.00
Project("{FAE04EC0-301F-11D3-BF4B-00C04F79EFBC}") = "Nebx.Verdict", "Nebx.Verdict\Nebx.Verdict.csproj", "{2B10F0B3-4F55-4D8F-B396-5F9588E5185E}"
EndProject
Project("{FAE04EC0-301F-11D3-BF4B-00C04F79EFBC}") = "Api", "Api\Api.csproj", "{68C35092-CB32-4883-88CD-BCBBCB5FFB18}"
EndProject
Project("{FAE04EC0-301F-11D3-BF4B-00C04F79EFBC}") = "Nebx.Verdict.AspNetCore", "Nebx.Verdict.AspNetCore\Nebx.Verdict.AspNetCore.csproj", "{BA51BA1A-3CF0-40E5-ABF4-D47F324BED96}"
EndProject
Project("{2150E333-8FDC-42A3-9474-1A3956D46DE8}") = "src", "src", "{2F42AC1F-F88C-47D2-85C0-83D0AA4FD5CF}"
EndProject
Global
	GlobalSection(SolutionConfigurationPlatforms) = preSolution
		Debug|Any CPU = Debug|Any CPU
		Release|Any CPU = Release|Any CPU
	EndGlobalSection
	GlobalSection(ProjectConfigurationPlatforms) = postSolution
		{2B10F0B3-4F55-4D8F-B396-5F9588E5185E}.Debug|Any CPU.ActiveCfg = Debug|Any CPU
		{2B10F0B3-4F55-4D8F-B396-5F9588E5185E}.Debug|Any CPU.Build.0 = Debug|Any CPU
		{2B10F0B3-4F55-4D8F-B396-5F9588E5185E}.Release|Any CPU.ActiveCfg = Release|Any CPU
		{2B10F0B3-4F55-4D8F-B396-5F9588E5185E}.Release|Any CPU.Build.0 = Release|Any CPU
		{68C35092-CB32-4883-88CD-BCBBCB5FFB18}.Debug|Any CPU.ActiveCfg = Debug|Any CPU
		{68C35092-CB32-4883-88CD-BCBBCB5FFB18}.Debug|Any CPU.Build.0 = Debug|Any CPU
		{68C35092-CB32-4883-88CD-BCBBCB5FFB18}.Release|Any CPU.ActiveCfg = Release|Any CPU
		{68C35092-CB32-4883-88CD-BCBBCB5FFB18}.Release|Any CPU.Build.0 = Release|Any CPU
		{BA51BA1A-3CF0-40E5-ABF4-D47F324BED96}.Debug|Any CPU.ActiveCfg = Debug|Any CPU
		{BA51BA1A-3CF0-40E5-ABF4-D47F324BED96}.Debug|Any CPU.Build.0 = Debug|Any CPU
		{BA51BA1A-3CF0-40E5-ABF4-D47F324BED96}.Release|Any CPU.ActiveCfg = Release|Any CPU
		{BA51BA1A-3CF0-40E5-ABF4-D47F324BED96}.Release|Any CPU.Build.0 = Release|Any CPU
	EndGlobalSection
	GlobalSection(NestedProjects) = preSolution
		{2B10F0B3-4F55-4D8F-B396-5F9588E5185E} = {2F42AC1F-F88C-47D2-85C0-83D0AA4FD5CF}
		{BA51BA1A-3CF0-40E5-ABF4-D47F324BED96} = {2F42AC1F-F88C-47D2-85C0-83D0AA4FD5CF}
	EndGlobalSection
EndGlobal
